// !$*UTF8*$!
{
	archiveVersion = 1;
	classes = {};
	objectVersion = 77;
	objects = {
ACCE551B1111111111111111 = {isa = PBXBuildFile; fileRef = ACCE551B2222222222222222; };
ACCE551B2222222222222222 = {isa = PBXFileReference; lastKnownFileType = sourcecode.swift; path = Sources/AccessibilityPermission.swift; sourceTree = SOURCE_ROOT; };


/* Begin PBXBuildFile section */
		A10000000000000000000001 /* SoftShadowApp.swift in Sources */ = {isa = PBXBuildFile; fileRef = A20000000000000000000001 /* SoftShadowApp.swift */; };
		A10000000000000000000002 /* ShadowProcessor.swift in Sources */ = {isa = PBXBuildFile; fileRef = A20000000000000000000002 /* ShadowProcessor.swift */; };
		A10000000000000000000003 /* Assets.xcassets in Resources */ = {isa = PBXBuildFile; fileRef = A20000000000000000000003 /* Assets.xcassets */; };
		00000000000000000000006E = {isa = PBXBuildFile; fileRef = 00000000000000000000000A; };
		00000000000000000000006F = {isa = PBXBuildFile; fileRef = 00000000000000000000000B; };
		000000000000000000000070 = {isa = PBXBuildFile; fileRef = 00000000000000000000000C; };
		000000000000000000000071 = {isa = PBXBuildFile; fileRef = 00000000000000000000000D; };
		000000000000000000000072 = {isa = PBXBuildFile; fileRef = 00000000000000000000000E; };
/* End PBXBuildFile section */

/* Begin PBXFileReference section */
		A20000000000000000000001 /* SoftShadowApp.swift */ = {isa = PBXFileReference; lastKnownFileType = sourcecode.swift; path = SoftShadowApp.swift; sourceTree = "<group>"; };
		A20000000000000000000002 /* ShadowProcessor.swift */ = {isa = PBXFileReference; lastKnownFileType = sourcecode.swift; path = ShadowProcessor.swift; sourceTree = "<group>"; };
		A20000000000000000000003 /* Assets.xcassets */ = {isa = PBXFileReference; lastKnownFileType = folder.assetcatalog; path = Assets.xcassets; sourceTree = "<group>"; };
		A20000000000000000000004 /* Info.plist */ = {isa = PBXFileReference; lastKnownFileType = text.plist.xml; path = Info.plist; sourceTree = "<group>"; };
		A20000000000000000000005 /* KageTrimmer.entitlements */ = {isa = PBXFileReference; lastKnownFileType = text.plist.entitlements; path = KageTrimmer.entitlements; sourceTree = "<group>"; };
		A20000000000000000000006 /* KageTrimmer.app */ = {isa = PBXFileReference; explicitFileType = wrapper.application; includeInIndex = 0; path = KageTrimmer.app; sourceTree = BUILT_PRODUCTS_DIR; };
		00000000000000000000000A = {isa = PBXFileReference; lastKnownFileType = sourcecode.swift; path = "Localization.swift"; sourceTree = "<group>"; };
		00000000000000000000000B = {isa = PBXFileReference; lastKnownFileType = folder; path = "Localizations/ja.lproj"; sourceTree = "<group>"; };
		00000000000000000000000C = {isa = PBXFileReference; lastKnownFileType = folder; path = "Localizations/en.lproj"; sourceTree = "<group>"; };
		00000000000000000000000D = {isa = PBXFileReference; lastKnownFileType = folder; path = "Localizations/zh-Hans.lproj"; sourceTree = "<group>"; };
		00000000000000000000000E = {isa = PBXFileReference; lastKnownFileType = folder; path = "Localizations/ko.lproj"; sourceTree = "<group>"; };
/* End PBXFileReference section */

/* Begin PBXFrameworksBuildPhase section */
		A30000000000000000000001 /* Frameworks */ = {
			isa = PBXFrameworksBuildPhase;
			buildActionMask = 2147483647;
			files = ();
			runOnlyForDeploymentPostprocessing = 0;
		};
/* End PBXFrameworksBuildPhase section */

/* Begin PBXGroup section */
		A40000000000000000000001 = {
			isa = PBXGroup;
			children = (
				A40000000000000000000002 /* Sources */,
				A40000000000000000000003 /* Resources */,
				00000000000000000000000B,
				00000000000000000000000C,
				00000000000000000000000D,
				00000000000000000000000E,
				A20000000000000000000004 /* Info.plist */,
				A20000000000000000000005 /* KageTrimmer.entitlements */,
				A40000000000000000000004 /* Products */,
			);
			sourceTree = "<group>";
		};
		A40000000000000000000002 /* Sources */ = {
			isa = PBXGroup;
			children = (
				A20000000000000000000001 /* SoftShadowApp.swift */,
				A20000000000000000000002 /* ShadowProcessor.swift */,
				00000000000000000000000A,
			);
			path = Sources;
			sourceTree = "<group>";
		};
		A40000000000000000000003 /* Resources */ = {
			isa = PBXGroup;
			children = (
				A20000000000000000000003 /* Assets.xcassets */,
			);
			path = Resources;
			sourceTree = "<group>";
		};
		A40000000000000000000004 /* Products */ = {
			isa = PBXGroup;
			children = (
				A20000000000000000000006 /* KageTrimmer.app */,
			);
			name = Products;
			sourceTree = "<group>";
		};
/* End PBXGroup section */

/* Begin PBXNativeTarget section */
		A50000000000000000000001 /* KageTrimmer */ = {
			isa = PBXNativeTarget;
			buildConfigurationList = A90000000000000000000002 /* Build configuration list for PBXNativeTarget "KageTrimmer" */;
			buildPhases = (
				A30000000000000000000002 /* Sources */,
				A30000000000000000000001 /* Frameworks */,
				A30000000000000000000003 /* Resources */,
			);
			buildRules = ();
			dependencies = ();
			name = KageTrimmer;
			productName = KageTrimmer;
			productReference = A20000000000000000000006 /* KageTrimmer.app */;
			productType = "com.apple.product-type.application";
		};
/* End PBXNativeTarget section */

/* Begin PBXProject section */
		A60000000000000000000001 /* Project object */ = {
			isa = PBXProject;
			attributes = {
				BuildIndependentTargetsInParallel = 1;
				LastSwiftUpdateCheck = 2700;
				LastUpgradeCheck = 2700;
				TargetAttributes = {
					A50000000000000000000001 = {
						CreatedOnToolsVersion = 27.0;
						DevelopmentTeam = PL9S9PXX96;
					};
				};
			};
			buildConfigurationList = A90000000000000000000001 /* Build configuration list for PBXProject "KageTrimmer" */;
			compatibilityVersion = "Xcode 16.0";
			developmentRegion = en;
			hasScannedForEncodings = 0;
			knownRegions = (ja, en, "zh-Hans", ko, Base);
			mainGroup = A40000000000000000000001;
			productRefGroup = A40000000000000000000004 /* Products */;
			projectDirPath = "";
			projectRoot = "";
			targets = (A50000000000000000000001 /* KageTrimmer */);
		};
/* End PBXProject section */

/* Begin PBXResourcesBuildPhase section */
		A30000000000000000000003 /* Resources */ = {
			isa = PBXResourcesBuildPhase;
			buildActionMask = 2147483647;
			files = (00000000000000000000006F, A10000000000000000000003 /* Assets.xcassets in Resources */, 000000000000000000000070);
			runOnlyForDeploymentPostprocessing = 0;
		};
/* End PBXResourcesBuildPhase section */

/* Begin PBXSourcesBuildPhase section */
		A30000000000000000000002 /* Sources */ = {
			isa = PBXSourcesBuildPhase;
			buildActionMask = 2147483647;
			files = (ACCE551B1111111111111111,
				A10000000000000000000001 /* SoftShadowApp.swift in Sources */,
				A10000000000000000000002 /* ShadowProcessor.swift in Sources */,
				00000000000000000000006E,
			);
			runOnlyForDeploymentPostprocessing = 0;
		};
/* End PBXSourcesBuildPhase section */

/* Begin XCBuildConfiguration section */
		A70000000000000000000001 /* Debug */ = {isa = XCBuildConfiguration; buildSettings = {CLANG_ENABLE_MODULES = YES; MACOSX_DEPLOYMENT_TARGET = 14.0; SDKROOT = macosx; SWIFT_VERSION = 5.0; }; name = Debug; };
		A70000000000000000000002 /* Release */ = {isa = XCBuildConfiguration; buildSettings = {CLANG_ENABLE_MODULES = YES; DEBUG_INFORMATION_FORMAT = "dwarf-with-dsym"; MACOSX_DEPLOYMENT_TARGET = 14.0; SDKROOT = macosx; SWIFT_COMPILATION_MODE = wholemodule; SWIFT_OPTIMIZATION_LEVEL = "-O"; SWIFT_VERSION = 5.0; }; name = Release; };
		A70000000000000000000003 /* Debug */ = {
			isa = XCBuildConfiguration;
			buildSettings = {
				ASSETCATALOG_COMPILER_APPICON_NAME = AppIcon;
				CODE_SIGN_ENTITLEMENTS = KageTrimmer.entitlements;
				CODE_SIGN_STYLE = Automatic;
				COMBINE_HIDPI_IMAGES = YES;
				CURRENT_PROJECT_VERSION = 45;
				DEVELOPMENT_TEAM = PL9S9PXX96;
				DEBUG_INFORMATION_FORMAT = "dwarf-with-dsym";
				ENABLE_APP_SANDBOX = YES;
				ENABLE_HARDENED_RUNTIME = YES;
				GENERATE_INFOPLIST_FILE = NO;
				INFOPLIST_FILE = Info.plist;
				LD_RUNPATH_SEARCH_PATHS = "$(inherited) @executable_path/../Frameworks";
				MARKETING_VERSION = 1.0.8;
				PRODUCT_BUNDLE_IDENTIFIER = "jp.dtp-transit.kagetrimmer";
				PRODUCT_NAME = "$(TARGET_NAME)";
				SWIFT_EMIT_LOC_STRINGS = YES;
			};
			name = Debug;
		};
		A70000000000000000000004 /* Release */ = {
			isa = XCBuildConfiguration;
			buildSettings = {
				ASSETCATALOG_COMPILER_APPICON_NAME = AppIcon;
				CODE_SIGN_ENTITLEMENTS = KageTrimmer.entitlements;
				CODE_SIGN_STYLE = Automatic;
				COMBINE_HIDPI_IMAGES = YES;
				CURRENT_PROJECT_VERSION = 45;
				DEVELOPMENT_TEAM = PL9S9PXX96;
				DEBUG_INFORMATION_FORMAT = "dwarf-with-dsym";
				ENABLE_APP_SANDBOX = YES;
				ENABLE_HARDENED_RUNTIME = YES;
				GENERATE_INFOPLIST_FILE = NO;
				INFOPLIST_FILE = Info.plist;
				LD_RUNPATH_SEARCH_PATHS = "$(inherited) @executable_path/../Frameworks";
				MARKETING_VERSION = 1.0.8;
				PRODUCT_BUNDLE_IDENTIFIER = "jp.dtp-transit.kagetrimmer";
				PRODUCT_NAME = "$(TARGET_NAME)";
				SWIFT_EMIT_LOC_STRINGS = YES;
			};
			name = Release;
		};
/* End XCBuildConfiguration section */

/* Begin XCConfigurationList section */
		A90000000000000000000001 /* Build configuration list for PBXProject "KageTrimmer" */ = {isa = XCConfigurationList; buildConfigurations = (A70000000000000000000001 /* Debug */, A70000000000000000000002 /* Release */); defaultConfigurationIsVisible = 0; defaultConfigurationName = Release; };
		A90000000000000000000002 /* Build configuration list for PBXNativeTarget "KageTrimmer" */ = {isa = XCConfigurationList; buildConfigurations = (A70000000000000000000003 /* Debug */, A70000000000000000000004 /* Release */); defaultConfigurationIsVisible = 0; defaultConfigurationName = Release; };
/* End XCConfigurationList section */
	};
	rootObject = A60000000000000000000001 /* Project object */;
}
